
Microsoft Visual Studio Solution File, Format Version 12.00
# Visual Studio Version 16
VisualStudioVersion = 16.0.30804.86
MinimumVisualStudioVersion = 10.0.40219.1
Project("{8BC9CEB8-8B4A-11D0-8D11-00A0C91BC942}") = "RiscSimulator", "RiscSimulator.vcxproj", "{71A61457-A75C-4AA6-A697-91AA9F295D1B}"
EndProject
Global
	GlobalSection(SolutionConfigurationPlatforms) = preSolution
		Debug|x64 = Debug|x64
		Debug|x86 = Debug|x86
		Release|x64 = Release|x64
		Release|x86 = Release|x86
	EndGlobalSection
	GlobalSection(ProjectConfigurationPlatforms) = postSolution
		{71A61457-A75C-4AA6-A697-91AA9F295D1B}.Debug|x64.ActiveCfg = Debug|x64
		{71A61457-A75C-4AA6-A697-91AA9F295D1B}.Debug|x64.Build.0 = Debug|x64
		{71A61457-A75C-4AA6-A697-91AA9F295D1B}.Debug|x86.ActiveCfg = Debug|Win32
		{71A61457-A75C-4AA6-A697-91AA9F295D1B}.Debug|x86.Build.0 = Debug|Win32
		{71A61457-A75C-4AA6-A697-91AA9F295D1B}.Release|x64.ActiveCfg = Release|x64
		{71A61457-A75C-4AA6-A697-91AA9F295D1B}.Release|x64.Build.0 = Release|x64
		{71A61457-A75C-4AA6-A697-91AA9F295D1B}.Release|x86.ActiveCfg = Release|Win32
		{71A61457-A75C-4AA6-A697-91AA9F295D1B}.Release|x86.Build.0 = Release|Win32
	EndGlobalSection
	GlobalSection(SolutionProperties) = preSolution
		HideSolutionNode = FALSE
	EndGlobalSection
	GlobalSection(ExtensibilityGlobals) = postSolution
		SolutionGuid = {C560F47E-07A1-4D42-A56B-6C6E74ABA924}
	EndGlobalSection
EndGlobal
